page_id: alarm_clock
image: /local/custom_ui/floorplan/alarm_clock.svg
#stylesheet: /local/custom_ui/floorplan/alarm_clock.css

startup:
  actions:
    - service: floorplan.variable_set
      data:
        variable: floorplan.hours
        value_template: 'return parseInt(entities["input_datetime.alarm_time"].state.slice(0, 2));'
    - service: floorplan.variable_set
      data:
        variable: floorplan.minutes
        value_template: 'return parseInt(entities["input_datetime.alarm_time"].state.slice(3, 5));'

rules:
  - entity: input_datetime.alarm_time
    text_template: '${entity.state.slice(0, 5)}'

  - entity: floorplan.hours
    text_template: '${("0" + get("floorplan.hours")).slice(-2)}'

  - entity: floorplan.minutes
    text_template: '${("0" + get("floorplan.minutes")).slice(-2)}'

  - element: input_number.alarm_time_hours_up
    action:
      service: floorplan.variable_set
      data:
        variable: floorplan.hours
        value_template: 'return (get("floorplan.hours") < 23) ? get("floorplan.hours") + 1 : get("floorplan.hours");'

  - element: input_number.alarm_time_hours_down
    action:
      service: floorplan.variable_set
      data:
        variable: floorplan.hours
        value_template: 'return (get("floorplan.hours") > 0) ? get("floorplan.hours") - 1 : get("floorplan.hours");'

  - element: input_number.alarm_time_minutes_up
    action:
      service: floorplan.variable_set
      data:
        variable: floorplan.minutes
        value_template: '${((parseInt(get("floorplan.minutes") / 5) * 5) + 5) % 60}'

  - element: input_number.alarm_time_minutes_down
    action:
      service: floorplan.variable_set
      data:
        variable: floorplan.minutes
        value_template: '${(((parseInt(get("floorplan.minutes") / 5) * 5) - 5) + 60) % 60}'

  - element: save_alarm_time_button
    action:
      service: input_datetime.set_datetime
      data_template: '{ "entity_id": "input_datetime.alarm_time", "time": "${get(`floorplan.hours`)}:${get(`floorplan.minutes`)}" }'
